// !$*UTF8*$!
{
	archiveVersion = 1;
	classes = {
	};
	objectVersion = 55;
	objects = {

/* Begin PBXBuildFile section */
		571A9CC1279DEFFC0000E43F /* AppDelegate.swift in Sources */ = {isa = PBXBuildFile; fileRef = 571A9CC0279DEFFC0000E43F /* AppDelegate.swift */; };
		571A9CC3279DEFFC0000E43F /* SceneDelegate.swift in Sources */ = {isa = PBXBuildFile; fileRef = 571A9CC2279DEFFC0000E43F /* SceneDelegate.swift */; };
		571A9CC5279DEFFC0000E43F /* ViewController.swift in Sources */ = {isa = PBXBuildFile; fileRef = 571A9CC4279DEFFC0000E43F /* ViewController.swift */; };
		571A9CC8279DEFFC0000E43F /* Main.storyboard in Resources */ = {isa = PBXBuildFile; fileRef = 571A9CC6279DEFFC0000E43F /* Main.storyboard */; };
		571A9CCA279DEFFC0000E43F /* Assets.xcassets in Resources */ = {isa = PBXBuildFile; fileRef = 571A9CC9279DEFFC0000E43F /* Assets.xcassets */; };
		571A9CCD279DEFFC0000E43F /* LaunchScreen.storyboard in Resources */ = {isa = PBXBuildFile; fileRef = 571A9CCB279DEFFC0000E43F /* LaunchScreen.storyboard */; };
		571A9CD8279DEFFD0000E43F /* PreworkTests.swift in Sources */ = {isa = PBXBuildFile; fileRef = 571A9CD7279DEFFD0000E43F /* PreworkTests.swift */; };
		571A9CE2279DEFFD0000E43F /* PreworkUITests.swift in Sources */ = {isa = PBXBuildFile; fileRef = 571A9CE1279DEFFD0000E43F /* PreworkUITests.swift */; };
		571A9CE4279DEFFD0000E43F /* PreworkUITestsLaunchTests.swift in Sources */ = {isa = PBXBuildFile; fileRef = 571A9CE3279DEFFD0000E43F /* PreworkUITestsLaunchTests.swift */; };
		579FAA8727ABB1F000666A9C /* SettingsViewController.swift in Sources */ = {isa = PBXBuildFile; fileRef = 579FAA8627ABB1F000666A9C /* SettingsViewController.swift */; };
/* End PBXBuildFile section */

/* Begin PBXContainerItemProxy section */
		571A9CD4279DEFFD0000E43F /* PBXContainerItemProxy */ = {
			isa = PBXContainerItemProxy;
			containerPortal = 571A9CB5279DEFFC0000E43F /* Project object */;
			proxyType = 1;
			remoteGlobalIDString = 571A9CBC279DEFFC0000E43F;
			remoteInfo = Prework;
		};
		571A9CDE279DEFFD0000E43F /* PBXContainerItemProxy */ = {
			isa = PBXContainerItemProxy;
			containerPortal = 571A9CB5279DEFFC0000E43F /* Project object */;
			proxyType = 1;
			remoteGlobalIDString = 571A9CBC279DEFFC0000E43F;
			remoteInfo = Prework;
		};
/* End PBXContainerItemProxy section */

/* Begin PBXFileReference section */
		571A9CBD279DEFFC0000E43F /* Prework.app */ = {isa = PBXFileReference; explicitFileType = wrapper.application; includeInIndex = 0; path = Prework.app; sourceTree = BUILT_PRODUCTS_DIR; };
		571A9CC0279DEFFC0000E43F /* AppDelegate.swift */ = {isa = PBXFileReference; lastKnownFileType = sourcecode.swift; path = AppDelegate.swift; sourceTree = "<group>"; };
		571A9CC2279DEFFC0000E43F /* SceneDelegate.swift */ = {isa = PBXFileReference; lastKnownFileType = sourcecode.swift; path = SceneDelegate.swift; sourceTree = "<group>"; };
		571A9CC4279DEFFC0000E43F /* ViewController.swift */ = {isa = PBXFileReference; lastKnownFileType = sourcecode.swift; path = ViewController.swift; sourceTree = "<group>"; };
		571A9CC7279DEFFC0000E43F /* Base */ = {isa = PBXFileReference; lastKnownFileType = file.storyboard; name = Base; path = Base.lproj/Main.storyboard; sourceTree = "<group>"; };
		571A9CC9279DEFFC0000E43F /* Assets.xcassets */ = {isa = PBXFileReference; lastKnownFileType = folder.assetcatalog; path = Assets.xcassets; sourceTree = "<group>"; };
		571A9CCC279DEFFC0000E43F /* Base */ = {isa = PBXFileReference; lastKnownFileType = file.storyboard; name = Base; path = Base.lproj/LaunchScreen.storyboard; sourceTree = "<group>"; };
		571A9CCE279DEFFC0000E43F /* Info.plist */ = {isa = PBXFileReference; lastKnownFileType = text.plist.xml; path = Info.plist; sourceTree = "<group>"; };
		571A9CD3279DEFFD0000E43F /* PreworkTests.xctest */ = {isa = PBXFileReference; explicitFileType = wrapper.cfbundle; includeInIndex = 0; path = PreworkTests.xctest; sourceTree = BUILT_PRODUCTS_DIR; };
		571A9CD7279DEFFD0000E43F /* PreworkTests.swift */ = {isa = PBXFileReference; lastKnownFileType = sourcecode.swift; path = PreworkTests.swift; sourceTree = "<group>"; };
		571A9CDD279DEFFD0000E43F /* PreworkUITests.xctest */ = {isa = PBXFileReference; explicitFileType = wrapper.cfbundle; includeInIndex = 0; path = PreworkUITests.xctest; sourceTree = BUILT_PRODUCTS_DIR; };
		571A9CE1279DEFFD0000E43F /* PreworkUITests.swift */ = {isa = PBXFileReference; lastKnownFileType = sourcecode.swift; path = PreworkUITests.swift; sourceTree = "<group>"; };
		571A9CE3279DEFFD0000E43F /* PreworkUITestsLaunchTests.swift */ = {isa = PBXFileReference; lastKnownFileType = sourcecode.swift; path = PreworkUITestsLaunchTests.swift; sourceTree = "<group>"; };
		579FAA8627ABB1F000666A9C /* SettingsViewController.swift */ = {isa = PBXFileReference; lastKnownFileType = sourcecode.swift; path = SettingsViewController.swift; sourceTree = "<group>"; };
/* End PBXFileReference section */

/* Begin PBXFrameworksBuildPhase section */
		571A9CBA279DEFFC0000E43F /* Frameworks */ = {
			isa = PBXFrameworksBuildPhase;
			buildActionMask = 2147483647;
			files = (
			);
			runOnlyForDeploymentPostprocessing = 0;
		};
		571A9CD0279DEFFD0000E43F /* Frameworks */ = {
			isa = PBXFrameworksBuildPhase;
			buildActionMask = 2147483647;
			files = (
			);
			runOnlyForDeploymentPostprocessing = 0;
		};
		571A9CDA279DEFFD0000E43F /* Frameworks */ = {
			isa = PBXFrameworksBuildPhase;
			buildActionMask = 2147483647;
			files = (
			);
			runOnlyForDeploymentPostprocessing = 0;
		};
/* End PBXFrameworksBuildPhase section */

/* Begin PBXGroup section */
		571A9CB4279DEFFC0000E43F = {
			isa = PBXGroup;
			children = (
				571A9CBF279DEFFC0000E43F /* Prework */,
				571A9CD6279DEFFD0000E43F /* PreworkTests */,
				571A9CE0279DEFFD0000E43F /* PreworkUITests */,
				571A9CBE279DEFFC0000E43F /* Products */,
			);
			sourceTree = "<group>";
		};
		571A9CBE279DEFFC0000E43F /* Products */ = {
			isa = PBXGroup;
			children = (
				571A9CBD279DEFFC0000E43F /* Prework.app */,
				571A9CD3279DEFFD0000E43F /* PreworkTests.xctest */,
				571A9CDD279DEFFD0000E43F /* PreworkUITests.xctest */,
			);
			name = Products;
			sourceTree = "<group>";
		};
		571A9CBF279DEFFC0000E43F /* Prework */ = {
			isa = PBXGroup;
			children = (
				571A9CC0279DEFFC0000E43F /* AppDelegate.swift */,
				571A9CC2279DEFFC0000E43F /* SceneDelegate.swift */,
				571A9CC4279DEFFC0000E43F /* ViewController.swift */,
				579FAA8627ABB1F000666A9C /* SettingsViewController.swift */,
				571A9CC6279DEFFC0000E43F /* Main.storyboard */,
				571A9CC9279DEFFC0000E43F /* Assets.xcassets */,
				571A9CCB279DEFFC0000E43F /* LaunchScreen.storyboard */,
				571A9CCE279DEFFC0000E43F /* Info.plist */,
			);
			path = Prework;
			sourceTree = "<group>";
		};
		571A9CD6279DEFFD0000E43F /* PreworkTests */ = {
			isa = PBXGroup;
			children = (
				571A9CD7279DEFFD0000E43F /* PreworkTests.swift */,
			);
			path = PreworkTests;
			sourceTree = "<group>";
		};
		571A9CE0279DEFFD0000E43F /* PreworkUITests */ = {
			isa = PBXGroup;
			children = (
				571A9CE1279DEFFD0000E43F /* PreworkUITests.swift */,
				571A9CE3279DEFFD0000E43F /* PreworkUITestsLaunchTests.swift */,
			);
			path = PreworkUITests;
			sourceTree = "<group>";
		};
/* End PBXGroup section */

/* Begin PBXNativeTarget section */
		571A9CBC279DEFFC0000E43F /* Prework */ = {
			isa = PBXNativeTarget;
			buildConfigurationList = 571A9CE7279DEFFD0000E43F /* Build configuration list for PBXNativeTarget "Prework" */;
			buildPhases = (
				571A9CB9279DEFFC0000E43F /* Sources */,
				571A9CBA279DEFFC0000E43F /* Frameworks */,
				571A9CBB279DEFFC0000E43F /* Resources */,
			);
			buildRules = (
			);
			dependencies = (
			);
			name = Prework;
			productName = Prework;
			productReference = 571A9CBD279DEFFC0000E43F /* Prework.app */;
			productType = "com.apple.product-type.application";
		};
		571A9CD2279DEFFD0000E43F /* PreworkTests */ = {
			isa = PBXNativeTarget;
			buildConfigurationList = 571A9CEA279DEFFD0000E43F /* Build configuration list for PBXNativeTarget "PreworkTests" */;
			buildPhases = (
				571A9CCF279DEFFD0000E43F /* Sources */,
				571A9CD0279DEFFD0000E43F /* Frameworks */,
				571A9CD1279DEFFD0000E43F /* Resources */,
			);
			buildRules = (
			);
			dependencies = (
				571A9CD5279DEFFD0000E43F /* PBXTargetDependency */,
			);
			name = PreworkTests;
			productName = PreworkTests;
			productReference = 571A9CD3279DEFFD0000E43F /* PreworkTests.xctest */;
			productType = "com.apple.product-type.bundle.unit-test";
		};
		571A9CDC279DEFFD0000E43F /* PreworkUITests */ = {
			isa = PBXNativeTarget;
			buildConfigurationList = 571A9CED279DEFFD0000E43F /* Build configuration list for PBXNativeTarget "PreworkUITests" */;
			buildPhases = (
				571A9CD9279DEFFD0000E43F /* Sources */,
				571A9CDA279DEFFD0000E43F /* Frameworks */,
				571A9CDB279DEFFD0000E43F /* Resources */,
			);
			buildRules = (
			);
			dependencies = (
				571A9CDF279DEFFD0000E43F /* PBXTargetDependency */,
			);
			name = PreworkUITests;
			productName = PreworkUITests;
			productReference = 571A9CDD279DEFFD0000E43F /* PreworkUITests.xctest */;
			productType = "com.apple.product-type.bundle.ui-testing";
		};
/* End PBXNativeTarget section */

/* Begin PBXProject section */
		571A9CB5279DEFFC0000E43F /* Project object */ = {
			isa = PBXProject;
			attributes = {
				BuildIndependentTargetsInParallel = 1;
				LastSwiftUpdateCheck = 1320;
				LastUpgradeCheck = 1320;
				TargetAttributes = {
					571A9CBC279DEFFC0000E43F = {
						CreatedOnToolsVersion = 13.2.1;
					};
					571A9CD2279DEFFD0000E43F = {
						CreatedOnToolsVersion = 13.2.1;
						TestTargetID = 571A9CBC279DEFFC0000E43F;
					};
					571A9CDC279DEFFD0000E43F = {
						CreatedOnToolsVersion = 13.2.1;
						TestTargetID = 571A9CBC279DEFFC0000E43F;
					};
				};
			};
			buildConfigurationList = 571A9CB8279DEFFC0000E43F /* Build configuration list for PBXProject "Prework" */;
			compatibilityVersion = "Xcode 13.0";
			developmentRegion = en;
			hasScannedForEncodings = 0;
			knownRegions = (
				en,
				Base,
			);
			mainGroup = 571A9CB4279DEFFC0000E43F;
			productRefGroup = 571A9CBE279DEFFC0000E43F /* Products */;
			projectDirPath = "";
			projectRoot = "";
			targets = (
				571A9CBC279DEFFC0000E43F /* Prework */,
				571A9CD2279DEFFD0000E43F /* PreworkTests */,
				571A9CDC279DEFFD0000E43F /* PreworkUITests */,
			);
		};
/* End PBXProject section */

/* Begin PBXResourcesBuildPhase section */
		571A9CBB279DEFFC0000E43F /* Resources */ = {
			isa = PBXResourcesBuildPhase;
			buildActionMask = 2147483647;
			files = (
				571A9CCD279DEFFC0000E43F /* LaunchScreen.storyboard in Resources */,
				571A9CCA279DEFFC0000E43F /* Assets.xcassets in Resources */,
				571A9CC8279DEFFC0000E43F /* Main.storyboard in Resources */,
			);
			runOnlyForDeploymentPostprocessing = 0;
		};
		571A9CD1279DEFFD0000E43F /* Resources */ = {
			isa = PBXResourcesBuildPhase;
			buildActionMask = 2147483647;
			files = (
			);
			runOnlyForDeploymentPostprocessing = 0;
		};
		571A9CDB279DEFFD0000E43F /* Resources */ = {
			isa = PBXResourcesBuildPhase;
			buildActionMask = 2147483647;
			files = (
			);
			runOnlyForDeploymentPostprocessing = 0;
		};
/* End PBXResourcesBuildPhase section */

/* Begin PBXSourcesBuildPhase section */
		571A9CB9279DEFFC0000E43F /* Sources */ = {
			isa = PBXSourcesBuildPhase;
			buildActionMask = 2147483647;
			files = (
				571A9CC5279DEFFC0000E43F /* ViewController.swift in Sources */,
				571A9CC1279DEFFC0000E43F /* AppDelegate.swift in Sources */,
				571A9CC3279DEFFC0000E43F /* SceneDelegate.swift in Sources */,
				579FAA8727ABB1F000666A9C /* SettingsViewController.swift in Sources */,
			);
			runOnlyForDeploymentPostprocessing = 0;
		};
		571A9CCF279DEFFD0000E43F /* Sources */ = {
			isa = PBXSourcesBuildPhase;
			buildActionMask = 2147483647;
			files = (
				571A9CD8279DEFFD0000E43F /* PreworkTests.swift in Sources */,
			);
			runOnlyForDeploymentPostprocessing = 0;
		};
		571A9CD9279DEFFD0000E43F /* Sources */ = {
			isa = PBXSourcesBuildPhase;
			buildActionMask = 2147483647;
			files = (
				571A9CE2279DEFFD0000E43F /* PreworkUITests.swift in Sources */,
				571A9CE4279DEFFD0000E43F /* PreworkUITestsLaunchTests.swift in Sources */,
			);
			runOnlyForDeploymentPostprocessing = 0;
		};
/* End PBXSourcesBuildPhase section */

/* Begin PBXTargetDependency section */
		571A9CD5279DEFFD0000E43F /* PBXTargetDependency */ = {
			isa = PBXTargetDependency;
			target = 571A9CBC279DEFFC0000E43F /* Prework */;
			targetProxy = 571A9CD4279DEFFD0000E43F /* PBXContainerItemProxy */;
		};
		571A9CDF279DEFFD0000E43F /* PBXTargetDependency */ = {
			isa = PBXTargetDependency;
			target = 571A9CBC279DEFFC0000E43F /* Prework */;
			targetProxy = 571A9CDE279DEFFD0000E43F /* PBXContainerItemProxy */;
		};
/* End PBXTargetDependency section */

/* Begin PBXVariantGroup section */
		571A9CC6279DEFFC0000E43F /* Main.storyboard */ = {
			isa = PBXVariantGroup;
			children = (
				571A9CC7279DEFFC0000E43F /* Base */,
			);
			name = Main.storyboard;
			sourceTree = "<group>";
		};
		571A9CCB279DEFFC0000E43F /* LaunchScreen.storyboard */ = {
			isa = PBXVariantGroup;
			children = (
				571A9CCC279DEFFC0000E43F /* Base */,
			);
			name = LaunchScreen.storyboard;
			sourceTree = "<group>";
		};
/* End PBXVariantGroup section */

/* Begin XCBuildConfiguration section */
		571A9CE5279DEFFD0000E43F /* Debug */ = {
			isa = XCBuildConfiguration;
			buildSettings = {
				ALWAYS_SEARCH_USER_PATHS = NO;
				CLANG_ANALYZER_NONNULL = YES;
				CLANG_ANALYZER_NUMBER_OBJECT_CONVERSION = YES_AGGRESSIVE;
				CLANG_CXX_LANGUAGE_STANDARD = "gnu++17";
				CLANG_CXX_LIBRARY = "libc++";
				CLANG_ENABLE_MODULES = YES;
				CLANG_ENABLE_OBJC_ARC = YES;
				CLANG_ENABLE_OBJC_WEAK = YES;
				CLANG_WARN_BLOCK_CAPTURE_AUTORELEASING = YES;
				CLANG_WARN_BOOL_CONVERSION = YES;
				CLANG_WARN_COMMA = YES;
				CLANG_WARN_CONSTANT_CONVERSION = YES;
				CLANG_WARN_DEPRECATED_OBJC_IMPLEMENTATIONS = YES;
				CLANG_WARN_DIRECT_OBJC_ISA_USAGE = YES_ERROR;
				CLANG_WARN_DOCUMENTATION_COMMENTS = YES;
				CLANG_WARN_EMPTY_BODY = YES;
				CLANG_WARN_ENUM_CONVERSION = YES;
				CLANG_WARN_INFINITE_RECURSION = YES;
				CLANG_WARN_INT_CONVERSION = YES;
				CLANG_WARN_NON_LITERAL_NULL_CONVERSION = YES;
				CLANG_WARN_OBJC_IMPLICIT_RETAIN_SELF = YES;
				CLANG_WARN_OBJC_LITERAL_CONVERSION = YES;
				CLANG_WARN_OBJC_ROOT_CLASS = YES_ERROR;
				CLANG_WARN_QUOTED_INCLUDE_IN_FRAMEWORK_HEADER = YES;
				CLANG_WARN_RANGE_LOOP_ANALYSIS = YES;
				CLANG_WARN_STRICT_PROTOTYPES = YES;
				CLANG_WARN_SUSPICIOUS_MOVE = YES;
				CLANG_WARN_UNGUARDED_AVAILABILITY = YES_AGGRESSIVE;
				CLANG_WARN_UNREACHABLE_CODE = YES;
				CLANG_WARN__DUPLICATE_METHOD_MATCH = YES;
				COPY_PHASE_STRIP = NO;
				DEBUG_INFORMATION_FORMAT = dwarf;
				ENABLE_STRICT_OBJC_MSGSEND = YES;
				ENABLE_TESTABILITY = YES;
				GCC_C_LANGUAGE_STANDARD = gnu11;
				GCC_DYNAMIC_NO_PIC = NO;
				GCC_NO_COMMON_BLOCKS = YES;
				GCC_OPTIMIZATION_LEVEL = 0;
				GCC_PREPROCESSOR_DEFINITIONS = (
					"DEBUG=1",
					"$(inherited)",
				);
				GCC_WARN_64_TO_32_BIT_CONVERSION = YES;
				GCC_WARN_ABOUT_RETURN_TYPE = YES_ERROR;
				GCC_WARN_UNDECLARED_SELECTOR = YES;
				GCC_WARN_UNINITIALIZED_AUTOS = YES_AGGRESSIVE;
				GCC_WARN_UNUSED_FUNCTION = YES;
				GCC_WARN_UNUSED_VARIABLE = YES;
				IPHONEOS_DEPLOYMENT_TARGET = 15.2;
				MTL_ENABLE_DEBUG_INFO = INCLUDE_SOURCE;
				MTL_FAST_MATH = YES;
				ONLY_ACTIVE_ARCH = YES;
				SDKROOT = iphoneos;
				SWIFT_ACTIVE_COMPILATION_CONDITIONS = DEBUG;
				SWIFT_OPTIMIZATION_LEVEL = "-Onone";
			};
			name = Debug;
		};
		571A9CE6279DEFFD0000E43F /* Release */ = {
			isa = XCBuildConfiguration;
			buildSettings = {
				ALWAYS_SEARCH_USER_PATHS = NO;
				CLANG_ANALYZER_NONNULL = YES;
				CLANG_ANALYZER_NUMBER_OBJECT_CONVERSION = YES_AGGRESSIVE;
				CLANG_CXX_LANGUAGE_STANDARD = "gnu++17";
				CLANG_CXX_LIBRARY = "libc++";
				CLANG_ENABLE_MODULES = YES;
				CLANG_ENABLE_OBJC_ARC = YES;
				CLANG_ENABLE_OBJC_WEAK = YES;
				CLANG_WARN_BLOCK_CAPTURE_AUTORELEASING = YES;
				CLANG_WARN_BOOL_CONVERSION = YES;
				CLANG_WARN_COMMA = YES;
				CLANG_WARN_CONSTANT_CONVERSION = YES;
				CLANG_WARN_DEPRECATED_OBJC_IMPLEMENTATIONS = YES;
				CLANG_WARN_DIRECT_OBJC_ISA_USAGE = YES_ERROR;
				CLANG_WARN_DOCUMENTATION_COMMENTS = YES;
				CLANG_WARN_EMPTY_BODY = YES;
				CLANG_WARN_ENUM_CONVERSION = YES;
				CLANG_WARN_INFINITE_RECURSION = YES;
				CLANG_WARN_INT_CONVERSION = YES;
				CLANG_WARN_NON_LITERAL_NULL_CONVERSION = YES;
				CLANG_WARN_OBJC_IMPLICIT_RETAIN_SELF = YES;
				CLANG_WARN_OBJC_LITERAL_CONVERSION = YES;
				CLANG_WARN_OBJC_ROOT_CLASS = YES_ERROR;
				CLANG_WARN_QUOTED_INCLUDE_IN_FRAMEWORK_HEADER = YES;
				CLANG_WARN_RANGE_LOOP_ANALYSIS = YES;
				CLANG_WARN_STRICT_PROTOTYPES = YES;
				CLANG_WARN_SUSPICIOUS_MOVE = YES;
				CLANG_WARN_UNGUARDED_AVAILABILITY = YES_AGGRESSIVE;
				CLANG_WARN_UNREACHABLE_CODE = YES;
				CLANG_WARN__DUPLICATE_METHOD_MATCH = YES;
				COPY_PHASE_STRIP = NO;
				DEBUG_INFORMATION_FORMAT = "dwarf-with-dsym";
				ENABLE_NS_ASSERTIONS = NO;
				ENABLE_STRICT_OBJC_MSGSEND = YES;
				GCC_C_LANGUAGE_STANDARD = gnu11;
				GCC_NO_COMMON_BLOCKS = YES;
				GCC_WARN_64_TO_32_BIT_CONVERSION = YES;
				GCC_WARN_ABOUT_RETURN_TYPE = YES_ERROR;
				GCC_WARN_UNDECLARED_SELECTOR = YES;
				GCC_WARN_UNINITIALIZED_AUTOS = YES_AGGRESSIVE;
				GCC_WARN_UNUSED_FUNCTION = YES;
				GCC_WARN_UNUSED_VARIABLE = YES;
				IPHONEOS_DEPLOYMENT_TARGET = 15.2;
				MTL_ENABLE_DEBUG_INFO = NO;
				MTL_FAST_MATH = YES;
				SDKROOT = iphoneos;
				SWIFT_COMPILATION_MODE = wholemodule;
				SWIFT_OPTIMIZATION_LEVEL = "-O";
				VALIDATE_PRODUCT = YES;
			};
			name = Release;
		};
		571A9CE8279DEFFD0000E43F /* Debug */ = {
			isa = XCBuildConfiguration;
			buildSettings = {
				ASSETCATALOG_COMPILER_APPICON_NAME = AppIcon;
				ASSETCATALOG_COMPILER_GLOBAL_ACCENT_COLOR_NAME = AccentColor;
				CODE_SIGN_STYLE = Automatic;
				CURRENT_PROJECT_VERSION = 1;
				DEVELOPMENT_TEAM = 69369UYLRK;
				GENERATE_INFOPLIST_FILE = YES;
				INFOPLIST_FILE = Prework/Info.plist;
				INFOPLIST_KEY_UIApplicationSupportsIndirectInputEvents = YES;
				INFOPLIST_KEY_UILaunchStoryboardName = LaunchScreen;
				INFOPLIST_KEY_UIMainStoryboardFile = Main;
				INFOPLIST_KEY_UISupportedInterfaceOrientations_iPad = "UIInterfaceOrientationPortrait UIInterfaceOrientationPortraitUpsideDown UIInterfaceOrientationLandscapeLeft UIInterfaceOrientationLandscapeRight";
				INFOPLIST_KEY_UISupportedInterfaceOrientations_iPhone = "UIInterfaceOrientationPortrait UIInterfaceOrientationLandscapeLeft UIInterfaceOrientationLandscapeRight";
				LD_RUNPATH_SEARCH_PATHS = (
					"$(inherited)",
					"@executable_path/Frameworks",
				);
				MARKETING_VERSION = 1.0;
				PRODUCT_BUNDLE_IDENTIFIER = com.sstevens.Prework;
				PRODUCT_NAME = "$(TARGET_NAME)";
				SWIFT_EMIT_LOC_STRINGS = YES;
				SWIFT_VERSION = 5.0;
				TARGETED_DEVICE_FAMILY = "1,2";
			};
			name = Debug;
		};
		571A9CE9279DEFFD0000E43F /* Release */ = {
			isa = XCBuildConfiguration;
			buildSettings = {
				ASSETCATALOG_COMPILER_APPICON_NAME = AppIcon;
				ASSETCATALOG_COMPILER_GLOBAL_ACCENT_COLOR_NAME = AccentColor;
				CODE_SIGN_STYLE = Automatic;
				CURRENT_PROJECT_VERSION = 1;
				DEVELOPMENT_TEAM = 69369UYLRK;
				GENERATE_INFOPLIST_FILE = YES;
				INFOPLIST_FILE = Prework/Info.plist;
				INFOPLIST_KEY_UIApplicationSupportsIndirectInputEvents = YES;
				INFOPLIST_KEY_UILaunchStoryboardName = LaunchScreen;
				INFOPLIST_KEY_UIMainStoryboardFile = Main;
				INFOPLIST_KEY_UISupportedInterfaceOrientations_iPad = "UIInterfaceOrientationPortrait UIInterfaceOrientationPortraitUpsideDown UIInterfaceOrientationLandscapeLeft UIInterfaceOrientationLandscapeRight";
				INFOPLIST_KEY_UISupportedInterfaceOrientations_iPhone = "UIInterfaceOrientationPortrait UIInterfaceOrientationLandscapeLeft UIInterfaceOrientationLandscapeRight";
				LD_RUNPATH_SEARCH_PATHS = (
					"$(inherited)",
					"@executable_path/Frameworks",
				);
				MARKETING_VERSION = 1.0;
				PRODUCT_BUNDLE_IDENTIFIER = com.sstevens.Prework;
				PRODUCT_NAME = "$(TARGET_NAME)";
				SWIFT_EMIT_LOC_STRINGS = YES;
				SWIFT_VERSION = 5.0;
				TARGETED_DEVICE_FAMILY = "1,2";
			};
			name = Release;
		};
		571A9CEB279DEFFD0000E43F /* Debug */ = {
			isa = XCBuildConfiguration;
			buildSettings = {
				ALWAYS_EMBED_SWIFT_STANDARD_LIBRARIES = YES;
				BUNDLE_LOADER = "$(TEST_HOST)";
				CODE_SIGN_STYLE = Automatic;
				CURRENT_PROJECT_VERSION = 1;
				DEVELOPMENT_TEAM = 69369UYLRK;
				GENERATE_INFOPLIST_FILE = YES;
				IPHONEOS_DEPLOYMENT_TARGET = 15.2;
				MARKETING_VERSION = 1.0;
				PRODUCT_BUNDLE_IDENTIFIER = com.sstevens.PreworkTests;
				PRODUCT_NAME = "$(TARGET_NAME)";
				SWIFT_EMIT_LOC_STRINGS = NO;
				SWIFT_VERSION = 5.0;
				TARGETED_DEVICE_FAMILY = "1,2";
				TEST_HOST = "$(BUILT_PRODUCTS_DIR)/Prework.app/Prework";
			};
			name = Debug;
		};
		571A9CEC279DEFFD0000E43F /* Release */ = {
			isa = XCBuildConfiguration;
			buildSettings = {
				ALWAYS_EMBED_SWIFT_STANDARD_LIBRARIES = YES;
				BUNDLE_LOADER = "$(TEST_HOST)";
				CODE_SIGN_STYLE = Automatic;
				CURRENT_PROJECT_VERSION = 1;
				DEVELOPMENT_TEAM = 69369UYLRK;
				GENERATE_INFOPLIST_FILE = YES;
				IPHONEOS_DEPLOYMENT_TARGET = 15.2;
				MARKETING_VERSION = 1.0;
				PRODUCT_BUNDLE_IDENTIFIER = com.sstevens.PreworkTests;
				PRODUCT_NAME = "$(TARGET_NAME)";
				SWIFT_EMIT_LOC_STRINGS = NO;
				SWIFT_VERSION = 5.0;
				TARGETED_DEVICE_FAMILY = "1,2";
				TEST_HOST = "$(BUILT_PRODUCTS_DIR)/Prework.app/Prework";
			};
			name = Release;
		};
		571A9CEE279DEFFD0000E43F /* Debug */ = {
			isa = XCBuildConfiguration;
			buildSettings = {
				ALWAYS_EMBED_SWIFT_STANDARD_LIBRARIES = YES;
				CODE_SIGN_STYLE = Automatic;
				CURRENT_PROJECT_VERSION = 1;
				DEVELOPMENT_TEAM = 69369UYLRK;
				GENERATE_INFOPLIST_FILE = YES;
				MARKETING_VERSION = 1.0;
				PRODUCT_BUNDLE_IDENTIFIER = com.sstevens.PreworkUITests;
				PRODUCT_NAME = "$(TARGET_NAME)";
				SWIFT_EMIT_LOC_STRINGS = NO;
				SWIFT_VERSION = 5.0;
				TARGETED_DEVICE_FAMILY = "1,2";
				TEST_TARGET_NAME = Prework;
			};
			name = Debug;
		};
		571A9CEF279DEFFD0000E43F /* Release */ = {
			isa = XCBuildConfiguration;
			buildSettings = {
				ALWAYS_EMBED_SWIFT_STANDARD_LIBRARIES = YES;
				CODE_SIGN_STYLE = Automatic;
				CURRENT_PROJECT_VERSION = 1;
				DEVELOPMENT_TEAM = 69369UYLRK;
				GENERATE_INFOPLIST_FILE = YES;
				MARKETING_VERSION = 1.0;
				PRODUCT_BUNDLE_IDENTIFIER = com.sstevens.PreworkUITests;
				PRODUCT_NAME = "$(TARGET_NAME)";
				SWIFT_EMIT_LOC_STRINGS = NO;
				SWIFT_VERSION = 5.0;
				TARGETED_DEVICE_FAMILY = "1,2";
				TEST_TARGET_NAME = Prework;
			};
			name = Release;
		};
/* End XCBuildConfiguration section */

/* Begin XCConfigurationList section */
		571A9CB8279DEFFC0000E43F /* Build configuration list for PBXProject "Prework" */ = {
			isa = XCConfigurationList;
			buildConfigurations = (
				571A9CE5279DEFFD0000E43F /* Debug */,
				571A9CE6279DEFFD0000E43F /* Release */,
			);
			defaultConfigurationIsVisible = 0;
			defaultConfigurationName = Release;
		};
		571A9CE7279DEFFD0000E43F /* Build configuration list for PBXNativeTarget "Prework" */ = {
			isa = XCConfigurationList;
			buildConfigurations = (
				571A9CE8279DEFFD0000E43F /* Debug */,
				571A9CE9279DEFFD0000E43F /* Release */,
			);
			defaultConfigurationIsVisible = 0;
			defaultConfigurationName = Release;
		};
		571A9CEA279DEFFD0000E43F /* Build configuration list for PBXNativeTarget "PreworkTests" */ = {
			isa = XCConfigurationList;
			buildConfigurations = (
				571A9CEB279DEFFD0000E43F /* Debug */,
				571A9CEC279DEFFD0000E43F /* Release */,
			);
			defaultConfigurationIsVisible = 0;
			defaultConfigurationName = Release;
		};
		571A9CED279DEFFD0000E43F /* Build configuration list for PBXNativeTarget "PreworkUITests" */ = {
			isa = XCConfigurationList;
			buildConfigurations = (
				571A9CEE279DEFFD0000E43F /* Debug */,
				571A9CEF279DEFFD0000E43F /* Release */,
			);
			defaultConfigurationIsVisible = 0;
			defaultConfigurationName = Release;
		};
/* End XCConfigurationList section */
	};
	rootObject = 571A9CB5279DEFFC0000E43F /* Project object */;
}
